
Microsoft Visual Studio Solution File, Format Version 12.00
# Visual Studio Version 16
VisualStudioVersion = 16.0.30804.86
MinimumVisualStudioVersion = 10.0.40219.1
Project("{FAE04EC0-301F-11D3-BF4B-00C04F79EFBC}") = "TestingBank", "TestingBank\TestingBank.csproj", "{EECE3E0E-F6E7-44C2-BFEF-5317B3A57C1E}"
EndProject
Global
	GlobalSection(SolutionConfigurationPlatforms) = preSolution
		Debug|Any CPU = Debug|Any CPU
		Release|Any CPU = Release|Any CPU
	EndGlobalSection
	GlobalSection(ProjectConfigurationPlatforms) = postSolution
		{EECE3E0E-F6E7-44C2-BFEF-5317B3A57C1E}.Debug|Any CPU.ActiveCfg = Debug|Any CPU
		{EECE3E0E-F6E7-44C2-BFEF-5317B3A57C1E}.Debug|Any CPU.Build.0 = Debug|Any CPU
		{EECE3E0E-F6E7-44C2-BFEF-5317B3A57C1E}.Release|Any CPU.ActiveCfg = Release|Any CPU
		{EECE3E0E-F6E7-44C2-BFEF-5317B3A57C1E}.Release|Any CPU.Build.0 = Release|Any CPU
	EndGlobalSection
	GlobalSection(SolutionProperties) = preSolution
		HideSolutionNode = FALSE
	EndGlobalSection
	GlobalSection(ExtensibilityGlobals) = postSolution
		SolutionGuid = {38D5933C-22CF-4D34-B1B0-4EE8B80C3D4C}
	EndGlobalSection
EndGlobal
